
Microsoft Visual Studio Solution File, Format Version 12.00
# Visual Studio 2012
Project("{FAE04EC0-301F-11D3-BF4B-00C04F79EFBC}") = "AndroidBuildwdJenkins", "AndroidBuildwdJenkins\AndroidBuildwdJenkins.csproj", "{F38A3585-F88F-40FC-B5FB-3DCD5201C336}"
EndProject
Project("{FAE04EC0-301F-11D3-BF4B-00C04F79EFBC}") = "AndroidBuildwdJenkins.iOS", "iOS\AndroidBuildwdJenkins.iOS.csproj", "{79427B92-0D22-4AC1-81F3-715840EDCFAD}"
EndProject
Project("{FAE04EC0-301F-11D3-BF4B-00C04F79EFBC}") = "AndroidBuildwdJenkins.Droid", "Droid\AndroidBuildwdJenkins.Droid.csproj", "{9E7D9D5C-4D51-4D61-9415-6A625C05D4FE}"
EndProject
Global
	GlobalSection(SolutionConfigurationPlatforms) = preSolution
		Debug|Any CPU = Debug|Any CPU
		Release|Any CPU = Release|Any CPU
		Debug|iPhoneSimulator = Debug|iPhoneSimulator
		Release|iPhone = Release|iPhone
		Release|iPhoneSimulator = Release|iPhoneSimulator
		Debug|iPhone = Debug|iPhone
	EndGlobalSection
	GlobalSection(ProjectConfigurationPlatforms) = postSolution
		{F38A3585-F88F-40FC-B5FB-3DCD5201C336}.Debug|Any CPU.ActiveCfg = Debug|Any CPU
		{F38A3585-F88F-40FC-B5FB-3DCD5201C336}.Debug|Any CPU.Build.0 = Debug|Any CPU
		{F38A3585-F88F-40FC-B5FB-3DCD5201C336}.Release|Any CPU.ActiveCfg = Release|Any CPU
		{F38A3585-F88F-40FC-B5FB-3DCD5201C336}.Release|Any CPU.Build.0 = Release|Any CPU
		{F38A3585-F88F-40FC-B5FB-3DCD5201C336}.Debug|iPhoneSimulator.ActiveCfg = Debug|Any CPU
		{F38A3585-F88F-40FC-B5FB-3DCD5201C336}.Debug|iPhoneSimulator.Build.0 = Debug|Any CPU
		{F38A3585-F88F-40FC-B5FB-3DCD5201C336}.Release|iPhone.ActiveCfg = Release|Any CPU
		{F38A3585-F88F-40FC-B5FB-3DCD5201C336}.Release|iPhone.Build.0 = Release|Any CPU
		{F38A3585-F88F-40FC-B5FB-3DCD5201C336}.Release|iPhoneSimulator.ActiveCfg = Release|Any CPU
		{F38A3585-F88F-40FC-B5FB-3DCD5201C336}.Release|iPhoneSimulator.Build.0 = Release|Any CPU
		{F38A3585-F88F-40FC-B5FB-3DCD5201C336}.Debug|iPhone.ActiveCfg = Debug|Any CPU
		{F38A3585-F88F-40FC-B5FB-3DCD5201C336}.Debug|iPhone.Build.0 = Debug|Any CPU
		{79427B92-0D22-4AC1-81F3-715840EDCFAD}.Debug|Any CPU.ActiveCfg = Debug|iPhoneSimulator
		{79427B92-0D22-4AC1-81F3-715840EDCFAD}.Debug|Any CPU.Build.0 = Debug|iPhoneSimulator
		{79427B92-0D22-4AC1-81F3-715840EDCFAD}.Release|Any CPU.ActiveCfg = Release|iPhone
		{79427B92-0D22-4AC1-81F3-715840EDCFAD}.Release|Any CPU.Build.0 = Release|iPhone
		{79427B92-0D22-4AC1-81F3-715840EDCFAD}.Debug|iPhoneSimulator.ActiveCfg = Debug|iPhoneSimulator
		{79427B92-0D22-4AC1-81F3-715840EDCFAD}.Debug|iPhoneSimulator.Build.0 = Debug|iPhoneSimulator
		{79427B92-0D22-4AC1-81F3-715840EDCFAD}.Release|iPhone.ActiveCfg = Release|iPhone
		{79427B92-0D22-4AC1-81F3-715840EDCFAD}.Release|iPhone.Build.0 = Release|iPhone
		{79427B92-0D22-4AC1-81F3-715840EDCFAD}.Release|iPhoneSimulator.ActiveCfg = Release|iPhoneSimulator
		{79427B92-0D22-4AC1-81F3-715840EDCFAD}.Release|iPhoneSimulator.Build.0 = Release|iPhoneSimulator
		{79427B92-0D22-4AC1-81F3-715840EDCFAD}.Debug|iPhone.ActiveCfg = Debug|iPhone
		{79427B92-0D22-4AC1-81F3-715840EDCFAD}.Debug|iPhone.Build.0 = Debug|iPhone
		{9E7D9D5C-4D51-4D61-9415-6A625C05D4FE}.Debug|Any CPU.ActiveCfg = Debug|Any CPU
		{9E7D9D5C-4D51-4D61-9415-6A625C05D4FE}.Debug|Any CPU.Build.0 = Debug|Any CPU
		{9E7D9D5C-4D51-4D61-9415-6A625C05D4FE}.Release|Any CPU.ActiveCfg = Release|Any CPU
		{9E7D9D5C-4D51-4D61-9415-6A625C05D4FE}.Release|Any CPU.Build.0 = Release|Any CPU
		{9E7D9D5C-4D51-4D61-9415-6A625C05D4FE}.Debug|iPhoneSimulator.ActiveCfg = Debug|Any CPU
		{9E7D9D5C-4D51-4D61-9415-6A625C05D4FE}.Debug|iPhoneSimulator.Build.0 = Debug|Any CPU
		{9E7D9D5C-4D51-4D61-9415-6A625C05D4FE}.Release|iPhone.ActiveCfg = Release|Any CPU
		{9E7D9D5C-4D51-4D61-9415-6A625C05D4FE}.Release|iPhone.Build.0 = Release|Any CPU
		{9E7D9D5C-4D51-4D61-9415-6A625C05D4FE}.Release|iPhoneSimulator.ActiveCfg = Release|Any CPU
		{9E7D9D5C-4D51-4D61-9415-6A625C05D4FE}.Release|iPhoneSimulator.Build.0 = Release|Any CPU
		{9E7D9D5C-4D51-4D61-9415-6A625C05D4FE}.Debug|iPhone.ActiveCfg = Debug|Any CPU
		{9E7D9D5C-4D51-4D61-9415-6A625C05D4FE}.Debug|iPhone.Build.0 = Debug|Any CPU
	EndGlobalSection
EndGlobal
